{
	"name": "examples",
	"lockfileVersion": 3,
	"requires": true,
	"packages": {
		"": {
			"dependencies": {
				"@types/node": "^20.9.1",
				"whits": "../"
			}
		},
		"..": {
			"version": "1.0.1",
			"license": "MPL-2.0",
			"bin": {
				"whits": "dist/cli.js"
			},
			"devDependencies": {
				"@jest/globals": "^29.7.0",
				"html-element-attributes": "^3.2.0",
				"html-tag-names": "^2.1.0",
				"jest": "^29.7.0",
				"madge": "^6.1.0",
				"svg-element-attributes": "^2.1.0",
				"svg-tag-names": "^3.0.1",
				"typedoc": "^0.25.3",
				"typescript": "^5.2.2"
			}
		},
		"node_modules/@types/node": {
			"version": "20.9.1",
			"license": "MIT",
			"dependencies": {
				"undici-types": "~5.26.4"
			}
		},
		"node_modules/undici-types": {
			"version": "5.26.5",
			"license": "MIT"
		},
		"node_modules/whits": {
			"resolved": "..",
			"link": true
		}
	}
}
