{
	"name": "examples",
	"lockfileVersion": 3,
	"requires": true,
	"packages": {
		"": {
			"dependencies": {
				"@types/node": "^20.9.1",
				"whits": "^1.0.0"
			}
		},
		"node_modules/@types/node": {
			"version": "20.9.1",
			"license": "MIT",
			"dependencies": {
				"undici-types": "~5.26.4"
			}
		},
		"node_modules/undici-types": {
			"version": "5.26.5",
			"license": "MIT"
		},
		"node_modules/whits": {
			"version": "1.0.0",
			"resolved": "https://registry.npmjs.org/whits/-/whits-1.0.0.tgz",
			"integrity": "sha512-BTzLQbkZGD950szp/wZ408lldg29kZ2+Mkht3w2jgBxXhnujoWUs1CaEOWUHlVQtyHu0Zn7ZWjywPLSaSPAjsA==",
			"bin": {
				"whits": "dist/cli.js"
			}
		}
	}
}
